// !$*UTF8*$!
{
	archiveVersion = 1;
	classes = {
	};
	objectVersion = 50;
	objects = {

/* Begin PBXBuildFile section */
		7A93490621E1FBFC00068970 /* InfomationViewController.swift in Sources */ = {isa = PBXBuildFile; fileRef = 7A93490521E1FBFC00068970 /* InfomationViewController.swift */; };
		7AA959FA21CA3C4700A9A29E /* AppDelegate.swift in Sources */ = {isa = PBXBuildFile; fileRef = 7AA959F921CA3C4700A9A29E /* AppDelegate.swift */; };
		7AA959FC21CA3C4700A9A29E /* ViewController.swift in Sources */ = {isa = PBXBuildFile; fileRef = 7AA959FB21CA3C4700A9A29E /* ViewController.swift */; };
		7AA95A0121CA3C4D00A9A29E /* Assets.xcassets in Resources */ = {isa = PBXBuildFile; fileRef = 7AA95A0021CA3C4D00A9A29E /* Assets.xcassets */; };
		7AA95A0421CA3C4D00A9A29E /* LaunchScreen.storyboard in Resources */ = {isa = PBXBuildFile; fileRef = 7AA95A0221CA3C4D00A9A29E /* LaunchScreen.storyboard */; };
		7AA95A0F21CA3C4E00A9A29E /* TheModalTests.swift in Sources */ = {isa = PBXBuildFile; fileRef = 7AA95A0E21CA3C4E00A9A29E /* TheModalTests.swift */; };
		7AA95A1A21CA3C4E00A9A29E /* TheModalUITests.swift in Sources */ = {isa = PBXBuildFile; fileRef = 7AA95A1921CA3C4E00A9A29E /* TheModalUITests.swift */; };
		7AA95A2821CA3E2E00A9A29E /* ModalController.swift in Sources */ = {isa = PBXBuildFile; fileRef = 7AA95A2721CA3E2E00A9A29E /* ModalController.swift */; };
		7AA95A2A21CA405300A9A29E /* Main.storyboard in Resources */ = {isa = PBXBuildFile; fileRef = 7AA95A2921CA405300A9A29E /* Main.storyboard */; };
/* End PBXBuildFile section */

/* Begin PBXContainerItemProxy section */
		7AA95A0B21CA3C4E00A9A29E /* PBXContainerItemProxy */ = {
			isa = PBXContainerItemProxy;
			containerPortal = 7AA959EE21CA3C4700A9A29E /* Project object */;
			proxyType = 1;
			remoteGlobalIDString = 7AA959F521CA3C4700A9A29E;
			remoteInfo = TheModal;
		};
		7AA95A1621CA3C4E00A9A29E /* PBXContainerItemProxy */ = {
			isa = PBXContainerItemProxy;
			containerPortal = 7AA959EE21CA3C4700A9A29E /* Project object */;
			proxyType = 1;
			remoteGlobalIDString = 7AA959F521CA3C4700A9A29E;
			remoteInfo = TheModal;
		};
/* End PBXContainerItemProxy section */

/* Begin PBXFileReference section */
		7A93490521E1FBFC00068970 /* InfomationViewController.swift */ = {isa = PBXFileReference; lastKnownFileType = sourcecode.swift; path = InfomationViewController.swift; sourceTree = "<group>"; };
		7AA959F621CA3C4700A9A29E /* TheModal.app */ = {isa = PBXFileReference; explicitFileType = wrapper.application; includeInIndex = 0; path = TheModal.app; sourceTree = BUILT_PRODUCTS_DIR; };
		7AA959F921CA3C4700A9A29E /* AppDelegate.swift */ = {isa = PBXFileReference; lastKnownFileType = sourcecode.swift; path = AppDelegate.swift; sourceTree = "<group>"; };
		7AA959FB21CA3C4700A9A29E /* ViewController.swift */ = {isa = PBXFileReference; lastKnownFileType = sourcecode.swift; path = ViewController.swift; sourceTree = "<group>"; };
		7AA95A0021CA3C4D00A9A29E /* Assets.xcassets */ = {isa = PBXFileReference; lastKnownFileType = folder.assetcatalog; path = Assets.xcassets; sourceTree = "<group>"; };
		7AA95A0321CA3C4D00A9A29E /* Base */ = {isa = PBXFileReference; lastKnownFileType = file.storyboard; name = Base; path = Base.lproj/LaunchScreen.storyboard; sourceTree = "<group>"; };
		7AA95A0521CA3C4D00A9A29E /* Info.plist */ = {isa = PBXFileReference; lastKnownFileType = text.plist.xml; path = Info.plist; sourceTree = "<group>"; };
		7AA95A0A21CA3C4E00A9A29E /* TheModalTests.xctest */ = {isa = PBXFileReference; explicitFileType = wrapper.cfbundle; includeInIndex = 0; path = TheModalTests.xctest; sourceTree = BUILT_PRODUCTS_DIR; };
		7AA95A0E21CA3C4E00A9A29E /* TheModalTests.swift */ = {isa = PBXFileReference; lastKnownFileType = sourcecode.swift; path = TheModalTests.swift; sourceTree = "<group>"; };
		7AA95A1021CA3C4E00A9A29E /* Info.plist */ = {isa = PBXFileReference; lastKnownFileType = text.plist.xml; path = Info.plist; sourceTree = "<group>"; };
		7AA95A1521CA3C4E00A9A29E /* TheModalUITests.xctest */ = {isa = PBXFileReference; explicitFileType = wrapper.cfbundle; includeInIndex = 0; path = TheModalUITests.xctest; sourceTree = BUILT_PRODUCTS_DIR; };
		7AA95A1921CA3C4E00A9A29E /* TheModalUITests.swift */ = {isa = PBXFileReference; lastKnownFileType = sourcecode.swift; path = TheModalUITests.swift; sourceTree = "<group>"; };
		7AA95A1B21CA3C4E00A9A29E /* Info.plist */ = {isa = PBXFileReference; lastKnownFileType = text.plist.xml; path = Info.plist; sourceTree = "<group>"; };
		7AA95A2721CA3E2E00A9A29E /* ModalController.swift */ = {isa = PBXFileReference; lastKnownFileType = sourcecode.swift; path = ModalController.swift; sourceTree = "<group>"; };
		7AA95A2921CA405300A9A29E /* Main.storyboard */ = {isa = PBXFileReference; fileEncoding = 4; lastKnownFileType = file.storyboard; path = Main.storyboard; sourceTree = "<group>"; };
/* End PBXFileReference section */

/* Begin PBXFrameworksBuildPhase section */
		7AA959F321CA3C4700A9A29E /* Frameworks */ = {
			isa = PBXFrameworksBuildPhase;
			buildActionMask = 2147483647;
			files = (
			);
			runOnlyForDeploymentPostprocessing = 0;
		};
		7AA95A0721CA3C4E00A9A29E /* Frameworks */ = {
			isa = PBXFrameworksBuildPhase;
			buildActionMask = 2147483647;
			files = (
			);
			runOnlyForDeploymentPostprocessing = 0;
		};
		7AA95A1221CA3C4E00A9A29E /* Frameworks */ = {
			isa = PBXFrameworksBuildPhase;
			buildActionMask = 2147483647;
			files = (
			);
			runOnlyForDeploymentPostprocessing = 0;
		};
/* End PBXFrameworksBuildPhase section */

/* Begin PBXGroup section */
		7AA959ED21CA3C4700A9A29E = {
			isa = PBXGroup;
			children = (
				7AA959F821CA3C4700A9A29E /* TheModal */,
				7AA95A0D21CA3C4E00A9A29E /* TheModalTests */,
				7AA95A1821CA3C4E00A9A29E /* TheModalUITests */,
				7AA959F721CA3C4700A9A29E /* Products */,
			);
			sourceTree = "<group>";
		};
		7AA959F721CA3C4700A9A29E /* Products */ = {
			isa = PBXGroup;
			children = (
				7AA959F621CA3C4700A9A29E /* TheModal.app */,
				7AA95A0A21CA3C4E00A9A29E /* TheModalTests.xctest */,
				7AA95A1521CA3C4E00A9A29E /* TheModalUITests.xctest */,
			);
			name = Products;
			sourceTree = "<group>";
		};
		7AA959F821CA3C4700A9A29E /* TheModal */ = {
			isa = PBXGroup;
			children = (
				7AA959F921CA3C4700A9A29E /* AppDelegate.swift */,
				7AA959FB21CA3C4700A9A29E /* ViewController.swift */,
				7AA95A2721CA3E2E00A9A29E /* ModalController.swift */,
				7AA95A2921CA405300A9A29E /* Main.storyboard */,
				7AA95A0021CA3C4D00A9A29E /* Assets.xcassets */,
				7AA95A0221CA3C4D00A9A29E /* LaunchScreen.storyboard */,
				7AA95A0521CA3C4D00A9A29E /* Info.plist */,
				7A93490521E1FBFC00068970 /* InfomationViewController.swift */,
			);
			path = TheModal;
			sourceTree = "<group>";
		};
		7AA95A0D21CA3C4E00A9A29E /* TheModalTests */ = {
			isa = PBXGroup;
			children = (
				7AA95A0E21CA3C4E00A9A29E /* TheModalTests.swift */,
				7AA95A1021CA3C4E00A9A29E /* Info.plist */,
			);
			path = TheModalTests;
			sourceTree = "<group>";
		};
		7AA95A1821CA3C4E00A9A29E /* TheModalUITests */ = {
			isa = PBXGroup;
			children = (
				7AA95A1921CA3C4E00A9A29E /* TheModalUITests.swift */,
				7AA95A1B21CA3C4E00A9A29E /* Info.plist */,
			);
			path = TheModalUITests;
			sourceTree = "<group>";
		};
/* End PBXGroup section */

/* Begin PBXNativeTarget section */
		7AA959F521CA3C4700A9A29E /* TheModal */ = {
			isa = PBXNativeTarget;
			buildConfigurationList = 7AA95A1E21CA3C4E00A9A29E /* Build configuration list for PBXNativeTarget "TheModal" */;
			buildPhases = (
				7AA959F221CA3C4700A9A29E /* Sources */,
				7AA959F321CA3C4700A9A29E /* Frameworks */,
				7AA959F421CA3C4700A9A29E /* Resources */,
			);
			buildRules = (
			);
			dependencies = (
			);
			name = TheModal;
			productName = TheModal;
			productReference = 7AA959F621CA3C4700A9A29E /* TheModal.app */;
			productType = "com.apple.product-type.application";
		};
		7AA95A0921CA3C4E00A9A29E /* TheModalTests */ = {
			isa = PBXNativeTarget;
			buildConfigurationList = 7AA95A2121CA3C4E00A9A29E /* Build configuration list for PBXNativeTarget "TheModalTests" */;
			buildPhases = (
				7AA95A0621CA3C4E00A9A29E /* Sources */,
				7AA95A0721CA3C4E00A9A29E /* Frameworks */,
				7AA95A0821CA3C4E00A9A29E /* Resources */,
			);
			buildRules = (
			);
			dependencies = (
				7AA95A0C21CA3C4E00A9A29E /* PBXTargetDependency */,
			);
			name = TheModalTests;
			productName = TheModalTests;
			productReference = 7AA95A0A21CA3C4E00A9A29E /* TheModalTests.xctest */;
			productType = "com.apple.product-type.bundle.unit-test";
		};
		7AA95A1421CA3C4E00A9A29E /* TheModalUITests */ = {
			isa = PBXNativeTarget;
			buildConfigurationList = 7AA95A2421CA3C4E00A9A29E /* Build configuration list for PBXNativeTarget "TheModalUITests" */;
			buildPhases = (
				7AA95A1121CA3C4E00A9A29E /* Sources */,
				7AA95A1221CA3C4E00A9A29E /* Frameworks */,
				7AA95A1321CA3C4E00A9A29E /* Resources */,
			);
			buildRules = (
			);
			dependencies = (
				7AA95A1721CA3C4E00A9A29E /* PBXTargetDependency */,
			);
			name = TheModalUITests;
			productName = TheModalUITests;
			productReference = 7AA95A1521CA3C4E00A9A29E /* TheModalUITests.xctest */;
			productType = "com.apple.product-type.bundle.ui-testing";
		};
/* End PBXNativeTarget section */

/* Begin PBXProject section */
		7AA959EE21CA3C4700A9A29E /* Project object */ = {
			isa = PBXProject;
			attributes = {
				LastSwiftUpdateCheck = 1010;
				LastUpgradeCheck = 1010;
				ORGANIZATIONNAME = "Hajime Kagami";
				TargetAttributes = {
					7AA959F521CA3C4700A9A29E = {
						CreatedOnToolsVersion = 10.1;
					};
					7AA95A0921CA3C4E00A9A29E = {
						CreatedOnToolsVersion = 10.1;
						TestTargetID = 7AA959F521CA3C4700A9A29E;
					};
					7AA95A1421CA3C4E00A9A29E = {
						CreatedOnToolsVersion = 10.1;
						TestTargetID = 7AA959F521CA3C4700A9A29E;
					};
				};
			};
			buildConfigurationList = 7AA959F121CA3C4700A9A29E /* Build configuration list for PBXProject "TheModal" */;
			compatibilityVersion = "Xcode 9.3";
			developmentRegion = en;
			hasScannedForEncodings = 0;
			knownRegions = (
				en,
				Base,
			);
			mainGroup = 7AA959ED21CA3C4700A9A29E;
			productRefGroup = 7AA959F721CA3C4700A9A29E /* Products */;
			projectDirPath = "";
			projectRoot = "";
			targets = (
				7AA959F521CA3C4700A9A29E /* TheModal */,
				7AA95A0921CA3C4E00A9A29E /* TheModalTests */,
				7AA95A1421CA3C4E00A9A29E /* TheModalUITests */,
			);
		};
/* End PBXProject section */

/* Begin PBXResourcesBuildPhase section */
		7AA959F421CA3C4700A9A29E /* Resources */ = {
			isa = PBXResourcesBuildPhase;
			buildActionMask = 2147483647;
			files = (
				7AA95A2A21CA405300A9A29E /* Main.storyboard in Resources */,
				7AA95A0421CA3C4D00A9A29E /* LaunchScreen.storyboard in Resources */,
				7AA95A0121CA3C4D00A9A29E /* Assets.xcassets in Resources */,
			);
			runOnlyForDeploymentPostprocessing = 0;
		};
		7AA95A0821CA3C4E00A9A29E /* Resources */ = {
			isa = PBXResourcesBuildPhase;
			buildActionMask = 2147483647;
			files = (
			);
			runOnlyForDeploymentPostprocessing = 0;
		};
		7AA95A1321CA3C4E00A9A29E /* Resources */ = {
			isa = PBXResourcesBuildPhase;
			buildActionMask = 2147483647;
			files = (
			);
			runOnlyForDeploymentPostprocessing = 0;
		};
/* End PBXResourcesBuildPhase section */

/* Begin PBXSourcesBuildPhase section */
		7AA959F221CA3C4700A9A29E /* Sources */ = {
			isa = PBXSourcesBuildPhase;
			buildActionMask = 2147483647;
			files = (
				7A93490621E1FBFC00068970 /* InfomationViewController.swift in Sources */,
				7AA959FC21CA3C4700A9A29E /* ViewController.swift in Sources */,
				7AA95A2821CA3E2E00A9A29E /* ModalController.swift in Sources */,
				7AA959FA21CA3C4700A9A29E /* AppDelegate.swift in Sources */,
			);
			runOnlyForDeploymentPostprocessing = 0;
		};
		7AA95A0621CA3C4E00A9A29E /* Sources */ = {
			isa = PBXSourcesBuildPhase;
			buildActionMask = 2147483647;
			files = (
				7AA95A0F21CA3C4E00A9A29E /* TheModalTests.swift in Sources */,
			);
			runOnlyForDeploymentPostprocessing = 0;
		};
		7AA95A1121CA3C4E00A9A29E /* Sources */ = {
			isa = PBXSourcesBuildPhase;
			buildActionMask = 2147483647;
			files = (
				7AA95A1A21CA3C4E00A9A29E /* TheModalUITests.swift in Sources */,
			);
			runOnlyForDeploymentPostprocessing = 0;
		};
/* End PBXSourcesBuildPhase section */

/* Begin PBXTargetDependency section */
		7AA95A0C21CA3C4E00A9A29E /* PBXTargetDependency */ = {
			isa = PBXTargetDependency;
			target = 7AA959F521CA3C4700A9A29E /* TheModal */;
			targetProxy = 7AA95A0B21CA3C4E00A9A29E /* PBXContainerItemProxy */;
		};
		7AA95A1721CA3C4E00A9A29E /* PBXTargetDependency */ = {
			isa = PBXTargetDependency;
			target = 7AA959F521CA3C4700A9A29E /* TheModal */;
			targetProxy = 7AA95A1621CA3C4E00A9A29E /* PBXContainerItemProxy */;
		};
/* End PBXTargetDependency section */

/* Begin PBXVariantGroup section */
		7AA95A0221CA3C4D00A9A29E /* LaunchScreen.storyboard */ = {
			isa = PBXVariantGroup;
			children = (
				7AA95A0321CA3C4D00A9A29E /* Base */,
			);
			name = LaunchScreen.storyboard;
			sourceTree = "<group>";
		};
/* End PBXVariantGroup section */

/* Begin XCBuildConfiguration section */
		7AA95A1C21CA3C4E00A9A29E /* Debug */ = {
			isa = XCBuildConfiguration;
			buildSettings = {
				ALWAYS_SEARCH_USER_PATHS = NO;
				CLANG_ANALYZER_NONNULL = YES;
				CLANG_ANALYZER_NUMBER_OBJECT_CONVERSION = YES_AGGRESSIVE;
				CLANG_CXX_LANGUAGE_STANDARD = "gnu++14";
				CLANG_CXX_LIBRARY = "libc++";
				CLANG_ENABLE_MODULES = YES;
				CLANG_ENABLE_OBJC_ARC = YES;
				CLANG_ENABLE_OBJC_WEAK = YES;
				CLANG_WARN_BLOCK_CAPTURE_AUTORELEASING = YES;
				CLANG_WARN_BOOL_CONVERSION = YES;
				CLANG_WARN_COMMA = YES;
				CLANG_WARN_CONSTANT_CONVERSION = YES;
				CLANG_WARN_DEPRECATED_OBJC_IMPLEMENTATIONS = YES;
				CLANG_WARN_DIRECT_OBJC_ISA_USAGE = YES_ERROR;
				CLANG_WARN_DOCUMENTATION_COMMENTS = YES;
				CLANG_WARN_EMPTY_BODY = YES;
				CLANG_WARN_ENUM_CONVERSION = YES;
				CLANG_WARN_INFINITE_RECURSION = YES;
				CLANG_WARN_INT_CONVERSION = YES;
				CLANG_WARN_NON_LITERAL_NULL_CONVERSION = YES;
				CLANG_WARN_OBJC_IMPLICIT_RETAIN_SELF = YES;
				CLANG_WARN_OBJC_LITERAL_CONVERSION = YES;
				CLANG_WARN_OBJC_ROOT_CLASS = YES_ERROR;
				CLANG_WARN_RANGE_LOOP_ANALYSIS = YES;
				CLANG_WARN_STRICT_PROTOTYPES = YES;
				CLANG_WARN_SUSPICIOUS_MOVE = YES;
				CLANG_WARN_UNGUARDED_AVAILABILITY = YES_AGGRESSIVE;
				CLANG_WARN_UNREACHABLE_CODE = YES;
				CLANG_WARN__DUPLICATE_METHOD_MATCH = YES;
				CODE_SIGN_IDENTITY = "iPhone Developer";
				COPY_PHASE_STRIP = NO;
				DEBUG_INFORMATION_FORMAT = dwarf;
				ENABLE_STRICT_OBJC_MSGSEND = YES;
				ENABLE_TESTABILITY = YES;
				GCC_C_LANGUAGE_STANDARD = gnu11;
				GCC_DYNAMIC_NO_PIC = NO;
				GCC_NO_COMMON_BLOCKS = YES;
				GCC_OPTIMIZATION_LEVEL = 0;
				GCC_PREPROCESSOR_DEFINITIONS = (
					"DEBUG=1",
					"$(inherited)",
				);
				GCC_WARN_64_TO_32_BIT_CONVERSION = YES;
				GCC_WARN_ABOUT_RETURN_TYPE = YES_ERROR;
				GCC_WARN_UNDECLARED_SELECTOR = YES;
				GCC_WARN_UNINITIALIZED_AUTOS = YES_AGGRESSIVE;
				GCC_WARN_UNUSED_FUNCTION = YES;
				GCC_WARN_UNUSED_VARIABLE = YES;
				IPHONEOS_DEPLOYMENT_TARGET = 12.1;
				MTL_ENABLE_DEBUG_INFO = INCLUDE_SOURCE;
				MTL_FAST_MATH = YES;
				ONLY_ACTIVE_ARCH = YES;
				SDKROOT = iphoneos;
				SWIFT_ACTIVE_COMPILATION_CONDITIONS = DEBUG;
				SWIFT_OPTIMIZATION_LEVEL = "-Onone";
			};
			name = Debug;
		};
		7AA95A1D21CA3C4E00A9A29E /* Release */ = {
			isa = XCBuildConfiguration;
			buildSettings = {
				ALWAYS_SEARCH_USER_PATHS = NO;
				CLANG_ANALYZER_NONNULL = YES;
				CLANG_ANALYZER_NUMBER_OBJECT_CONVERSION = YES_AGGRESSIVE;
				CLANG_CXX_LANGUAGE_STANDARD = "gnu++14";
				CLANG_CXX_LIBRARY = "libc++";
				CLANG_ENABLE_MODULES = YES;
				CLANG_ENABLE_OBJC_ARC = YES;
				CLANG_ENABLE_OBJC_WEAK = YES;
				CLANG_WARN_BLOCK_CAPTURE_AUTORELEASING = YES;
				CLANG_WARN_BOOL_CONVERSION = YES;
				CLANG_WARN_COMMA = YES;
				CLANG_WARN_CONSTANT_CONVERSION = YES;
				CLANG_WARN_DEPRECATED_OBJC_IMPLEMENTATIONS = YES;
				CLANG_WARN_DIRECT_OBJC_ISA_USAGE = YES_ERROR;
				CLANG_WARN_DOCUMENTATION_COMMENTS = YES;
				CLANG_WARN_EMPTY_BODY = YES;
				CLANG_WARN_ENUM_CONVERSION = YES;
				CLANG_WARN_INFINITE_RECURSION = YES;
				CLANG_WARN_INT_CONVERSION = YES;
				CLANG_WARN_NON_LITERAL_NULL_CONVERSION = YES;
				CLANG_WARN_OBJC_IMPLICIT_RETAIN_SELF = YES;
				CLANG_WARN_OBJC_LITERAL_CONVERSION = YES;
				CLANG_WARN_OBJC_ROOT_CLASS = YES_ERROR;
				CLANG_WARN_RANGE_LOOP_ANALYSIS = YES;
				CLANG_WARN_STRICT_PROTOTYPES = YES;
				CLANG_WARN_SUSPICIOUS_MOVE = YES;
				CLANG_WARN_UNGUARDED_AVAILABILITY = YES_AGGRESSIVE;
				CLANG_WARN_UNREACHABLE_CODE = YES;
				CLANG_WARN__DUPLICATE_METHOD_MATCH = YES;
				CODE_SIGN_IDENTITY = "iPhone Developer";
				COPY_PHASE_STRIP = NO;
				DEBUG_INFORMATION_FORMAT = "dwarf-with-dsym";
				ENABLE_NS_ASSERTIONS = NO;
				ENABLE_STRICT_OBJC_MSGSEND = YES;
				GCC_C_LANGUAGE_STANDARD = gnu11;
				GCC_NO_COMMON_BLOCKS = YES;
				GCC_WARN_64_TO_32_BIT_CONVERSION = YES;
				GCC_WARN_ABOUT_RETURN_TYPE = YES_ERROR;
				GCC_WARN_UNDECLARED_SELECTOR = YES;
				GCC_WARN_UNINITIALIZED_AUTOS = YES_AGGRESSIVE;
				GCC_WARN_UNUSED_FUNCTION = YES;
				GCC_WARN_UNUSED_VARIABLE = YES;
				IPHONEOS_DEPLOYMENT_TARGET = 12.1;
				MTL_ENABLE_DEBUG_INFO = NO;
				MTL_FAST_MATH = YES;
				SDKROOT = iphoneos;
				SWIFT_COMPILATION_MODE = wholemodule;
				SWIFT_OPTIMIZATION_LEVEL = "-O";
				VALIDATE_PRODUCT = YES;
			};
			name = Release;
		};
		7AA95A1F21CA3C4E00A9A29E /* Debug */ = {
			isa = XCBuildConfiguration;
			buildSettings = {
				ASSETCATALOG_COMPILER_APPICON_NAME = AppIcon;
				CODE_SIGN_STYLE = Automatic;
				DEVELOPMENT_TEAM = G6G7NYTNPC;
				INFOPLIST_FILE = TheModal/Info.plist;
				LD_RUNPATH_SEARCH_PATHS = (
					"$(inherited)",
					"@executable_path/Frameworks",
				);
				PRODUCT_BUNDLE_IDENTIFIER = com.hajime.kagami.TheModal;
				PRODUCT_NAME = "$(TARGET_NAME)";
				SWIFT_VERSION = 4.2;
				TARGETED_DEVICE_FAMILY = "1,2";
			};
			name = Debug;
		};
		7AA95A2021CA3C4E00A9A29E /* Release */ = {
			isa = XCBuildConfiguration;
			buildSettings = {
				ASSETCATALOG_COMPILER_APPICON_NAME = AppIcon;
				CODE_SIGN_STYLE = Automatic;
				DEVELOPMENT_TEAM = G6G7NYTNPC;
				INFOPLIST_FILE = TheModal/Info.plist;
				LD_RUNPATH_SEARCH_PATHS = (
					"$(inherited)",
					"@executable_path/Frameworks",
				);
				PRODUCT_BUNDLE_IDENTIFIER = com.hajime.kagami.TheModal;
				PRODUCT_NAME = "$(TARGET_NAME)";
				SWIFT_VERSION = 4.2;
				TARGETED_DEVICE_FAMILY = "1,2";
			};
			name = Release;
		};
		7AA95A2221CA3C4E00A9A29E /* Debug */ = {
			isa = XCBuildConfiguration;
			buildSettings = {
				ALWAYS_EMBED_SWIFT_STANDARD_LIBRARIES = YES;
				BUNDLE_LOADER = "$(TEST_HOST)";
				CODE_SIGN_STYLE = Automatic;
				DEVELOPMENT_TEAM = G6G7NYTNPC;
				INFOPLIST_FILE = TheModalTests/Info.plist;
				LD_RUNPATH_SEARCH_PATHS = (
					"$(inherited)",
					"@executable_path/Frameworks",
					"@loader_path/Frameworks",
				);
				PRODUCT_BUNDLE_IDENTIFIER = com.hajime.kagami.TheModalTests;
				PRODUCT_NAME = "$(TARGET_NAME)";
				SWIFT_VERSION = 4.2;
				TARGETED_DEVICE_FAMILY = "1,2";
				TEST_HOST = "$(BUILT_PRODUCTS_DIR)/TheModal.app/TheModal";
			};
			name = Debug;
		};
		7AA95A2321CA3C4E00A9A29E /* Release */ = {
			isa = XCBuildConfiguration;
			buildSettings = {
				ALWAYS_EMBED_SWIFT_STANDARD_LIBRARIES = YES;
				BUNDLE_LOADER = "$(TEST_HOST)";
				CODE_SIGN_STYLE = Automatic;
				DEVELOPMENT_TEAM = G6G7NYTNPC;
				INFOPLIST_FILE = TheModalTests/Info.plist;
				LD_RUNPATH_SEARCH_PATHS = (
					"$(inherited)",
					"@executable_path/Frameworks",
					"@loader_path/Frameworks",
				);
				PRODUCT_BUNDLE_IDENTIFIER = com.hajime.kagami.TheModalTests;
				PRODUCT_NAME = "$(TARGET_NAME)";
				SWIFT_VERSION = 4.2;
				TARGETED_DEVICE_FAMILY = "1,2";
				TEST_HOST = "$(BUILT_PRODUCTS_DIR)/TheModal.app/TheModal";
			};
			name = Release;
		};
		7AA95A2521CA3C4E00A9A29E /* Debug */ = {
			isa = XCBuildConfiguration;
			buildSettings = {
				ALWAYS_EMBED_SWIFT_STANDARD_LIBRARIES = YES;
				CODE_SIGN_STYLE = Automatic;
				DEVELOPMENT_TEAM = G6G7NYTNPC;
				INFOPLIST_FILE = TheModalUITests/Info.plist;
				LD_RUNPATH_SEARCH_PATHS = (
					"$(inherited)",
					"@executable_path/Frameworks",
					"@loader_path/Frameworks",
				);
				PRODUCT_BUNDLE_IDENTIFIER = com.hajime.kagami.TheModalUITests;
				PRODUCT_NAME = "$(TARGET_NAME)";
				SWIFT_VERSION = 4.2;
				TARGETED_DEVICE_FAMILY = "1,2";
				TEST_TARGET_NAME = TheModal;
			};
			name = Debug;
		};
		7AA95A2621CA3C4E00A9A29E /* Release */ = {
			isa = XCBuildConfiguration;
			buildSettings = {
				ALWAYS_EMBED_SWIFT_STANDARD_LIBRARIES = YES;
				CODE_SIGN_STYLE = Automatic;
				DEVELOPMENT_TEAM = G6G7NYTNPC;
				INFOPLIST_FILE = TheModalUITests/Info.plist;
				LD_RUNPATH_SEARCH_PATHS = (
					"$(inherited)",
					"@executable_path/Frameworks",
					"@loader_path/Frameworks",
				);
				PRODUCT_BUNDLE_IDENTIFIER = com.hajime.kagami.TheModalUITests;
				PRODUCT_NAME = "$(TARGET_NAME)";
				SWIFT_VERSION = 4.2;
				TARGETED_DEVICE_FAMILY = "1,2";
				TEST_TARGET_NAME = TheModal;
			};
			name = Release;
		};
/* End XCBuildConfiguration section */

/* Begin XCConfigurationList section */
		7AA959F121CA3C4700A9A29E /* Build configuration list for PBXProject "TheModal" */ = {
			isa = XCConfigurationList;
			buildConfigurations = (
				7AA95A1C21CA3C4E00A9A29E /* Debug */,
				7AA95A1D21CA3C4E00A9A29E /* Release */,
			);
			defaultConfigurationIsVisible = 0;
			defaultConfigurationName = Release;
		};
		7AA95A1E21CA3C4E00A9A29E /* Build configuration list for PBXNativeTarget "TheModal" */ = {
			isa = XCConfigurationList;
			buildConfigurations = (
				7AA95A1F21CA3C4E00A9A29E /* Debug */,
				7AA95A2021CA3C4E00A9A29E /* Release */,
			);
			defaultConfigurationIsVisible = 0;
			defaultConfigurationName = Release;
		};
		7AA95A2121CA3C4E00A9A29E /* Build configuration list for PBXNativeTarget "TheModalTests" */ = {
			isa = XCConfigurationList;
			buildConfigurations = (
				7AA95A2221CA3C4E00A9A29E /* Debug */,
				7AA95A2321CA3C4E00A9A29E /* Release */,
			);
			defaultConfigurationIsVisible = 0;
			defaultConfigurationName = Release;
		};
		7AA95A2421CA3C4E00A9A29E /* Build configuration list for PBXNativeTarget "TheModalUITests" */ = {
			isa = XCConfigurationList;
			buildConfigurations = (
				7AA95A2521CA3C4E00A9A29E /* Debug */,
				7AA95A2621CA3C4E00A9A29E /* Release */,
			);
			defaultConfigurationIsVisible = 0;
			defaultConfigurationName = Release;
		};
/* End XCConfigurationList section */
	};
	rootObject = 7AA959EE21CA3C4700A9A29E /* Project object */;
}
